
Microsoft Visual Studio Solution File, Format Version 12.00
# Visual Studio Version 16
VisualStudioVersion = 16.0.31129.286
MinimumVisualStudioVersion = 10.0.40219.1
Project("{9A19103F-16F7-4668-BE54-9A1E7A4F7556}") = "RightPlaceBL", "RightPlaceServerBL\RightPlaceBL.csproj", "{BE90CF41-2259-4E72-B6EA-23437FDEB0FF}"
EndProject
Project("{9A19103F-16F7-4668-BE54-9A1E7A4F7556}") = "RightPlaceServerConsole", "RightPlaceServerConsole\RightPlaceServerConsole.csproj", "{E2D773A3-A226-4038-BCB2-80E847873C64}"
EndProject
Global
	GlobalSection(SolutionConfigurationPlatforms) = preSolution
		Debug|Any CPU = Debug|Any CPU
		Release|Any CPU = Release|Any CPU
	EndGlobalSection
	GlobalSection(ProjectConfigurationPlatforms) = postSolution
		{BE90CF41-2259-4E72-B6EA-23437FDEB0FF}.Debug|Any CPU.ActiveCfg = Debug|Any CPU
		{BE90CF41-2259-4E72-B6EA-23437FDEB0FF}.Debug|Any CPU.Build.0 = Debug|Any CPU
		{BE90CF41-2259-4E72-B6EA-23437FDEB0FF}.Release|Any CPU.ActiveCfg = Release|Any CPU
		{BE90CF41-2259-4E72-B6EA-23437FDEB0FF}.Release|Any CPU.Build.0 = Release|Any CPU
		{E2D773A3-A226-4038-BCB2-80E847873C64}.Debug|Any CPU.ActiveCfg = Debug|Any CPU
		{E2D773A3-A226-4038-BCB2-80E847873C64}.Debug|Any CPU.Build.0 = Debug|Any CPU
		{E2D773A3-A226-4038-BCB2-80E847873C64}.Release|Any CPU.ActiveCfg = Release|Any CPU
		{E2D773A3-A226-4038-BCB2-80E847873C64}.Release|Any CPU.Build.0 = Release|Any CPU
	EndGlobalSection
	GlobalSection(SolutionProperties) = preSolution
		HideSolutionNode = FALSE
	EndGlobalSection
	GlobalSection(ExtensibilityGlobals) = postSolution
		SolutionGuid = {452D06B5-FA61-42A7-9000-ED794CD80B5A}
	EndGlobalSection
EndGlobal
